
Microsoft Visual Studio Solution File, Format Version 12.00
# Visual Studio Version 16
VisualStudioVersion = 16.0.29519.87
MinimumVisualStudioVersion = 10.0.40219.1
Project("{9A19103F-16F7-4668-BE54-9A1E7A4F7556}") = "WebApplication1", "WebApplication1\WebApplication1.csproj", "{CCB9FCC6-AF7F-482C-A2F7-7A96538FADE9}"
EndProject
Project("{FAE04EC0-301F-11D3-BF4B-00C04F79EFBC}") = "OdeToFood.Core", "OdeToFood.Core\OdeToFood.Core.csproj", "{9ADE4FEA-79B7-4067-8110-9E5E6047A101}"
EndProject
Project("{FAE04EC0-301F-11D3-BF4B-00C04F79EFBC}") = "OdeToFood.Data", "OdeToFood.Data\OdeToFood.Data.csproj", "{1F20DAA8-EB66-4602-A018-DC04D7DB1537}"
EndProject
Global
	GlobalSection(SolutionConfigurationPlatforms) = preSolution
		Debug|Any CPU = Debug|Any CPU
		Release|Any CPU = Release|Any CPU
	EndGlobalSection
	GlobalSection(ProjectConfigurationPlatforms) = postSolution
		{CCB9FCC6-AF7F-482C-A2F7-7A96538FADE9}.Debug|Any CPU.ActiveCfg = Debug|Any CPU
		{CCB9FCC6-AF7F-482C-A2F7-7A96538FADE9}.Debug|Any CPU.Build.0 = Debug|Any CPU
		{CCB9FCC6-AF7F-482C-A2F7-7A96538FADE9}.Release|Any CPU.ActiveCfg = Release|Any CPU
		{CCB9FCC6-AF7F-482C-A2F7-7A96538FADE9}.Release|Any CPU.Build.0 = Release|Any CPU
		{9ADE4FEA-79B7-4067-8110-9E5E6047A101}.Debug|Any CPU.ActiveCfg = Debug|Any CPU
		{9ADE4FEA-79B7-4067-8110-9E5E6047A101}.Debug|Any CPU.Build.0 = Debug|Any CPU
		{9ADE4FEA-79B7-4067-8110-9E5E6047A101}.Release|Any CPU.ActiveCfg = Release|Any CPU
		{9ADE4FEA-79B7-4067-8110-9E5E6047A101}.Release|Any CPU.Build.0 = Release|Any CPU
		{1F20DAA8-EB66-4602-A018-DC04D7DB1537}.Debug|Any CPU.ActiveCfg = Debug|Any CPU
		{1F20DAA8-EB66-4602-A018-DC04D7DB1537}.Debug|Any CPU.Build.0 = Debug|Any CPU
		{1F20DAA8-EB66-4602-A018-DC04D7DB1537}.Release|Any CPU.ActiveCfg = Release|Any CPU
		{1F20DAA8-EB66-4602-A018-DC04D7DB1537}.Release|Any CPU.Build.0 = Release|Any CPU
	EndGlobalSection
	GlobalSection(SolutionProperties) = preSolution
		HideSolutionNode = FALSE
	EndGlobalSection
	GlobalSection(ExtensibilityGlobals) = postSolution
		SolutionGuid = {81EDCD0B-6F1E-4476-9BDF-41F81C066280}
	EndGlobalSection
EndGlobal
